{
  "version": 4,
  "terraform_version": "1.12.2",
  "serial": 13,
  "lineage": "2af768cf-51f5-0b47-90cb-29739b8da0f9",
  "outputs": {
    "instance": {
      "value": "{\"id\":\"i-0efab6b1a116c525e\",\"instance\":[],\"volumes\":[]}",
      "type": "string"
    },
    "volume": {
      "value": "{\"id\":\"vol-0931477c3f04a1146\"}",
      "type": "string"
    }
  },
  "resources": [
    {
      "mode": "managed",
      "type": "coder_instance",
      "name": "dev",
      "provider": "provider[\"registry.terraform.io/unlimitechcloud/coder\"].ec2",
      "instances": [
        {
          "index_key": 0,
          "schema_version": 0,
          "attributes": {
            "ami_id": "ami-020cba7c55df1f615",
            "coder": [
              {
                "workspace": [
                  {
                    "access_port": 8080,
                    "access_url": "https://dev.coder.example.com/myws1",
                    "id": "myws2",
                    "is_prebuild": false,
                    "is_prebuild_claim": false,
                    "name": "myws2",
                    "owner": [
                      {
                        "email": "alice@example.com",
                        "full_name": "Alice Example",
                        "groups": [
                          "developers"
                        ],
                        "id": "user-1234",
                        "login_type": "password",
                        "name": "alice",
                        "oidc_access_token": "",
                        "rbac_roles": [
                          {
                            "name": "developer",
                            "org_id": "org-001"
                          }
                        ],
                        "session_token": "SESSION_TOKEN_SAMPLE",
                        "ssh_private_key": "PRIVATE_KEY_SAMPLE",
                        "ssh_public_key": "ssh-rsa AAAAB3NzaC1yc2EAAAADAQABAAABAQC7..."
                      }
                    ],
                    "prebuild_count": 0,
                    "start_count": 1,
                    "template_id": "template-5678",
                    "template_name": "ubuntu-dev",
                    "template_version": "1.0.0",
                    "transition": "start"
                  }
                ]
              }
            ],
            "home_volume_id": "vol-0931477c3f04a1146",
            "id": "i-0efab6b1a116c525e",
            "instance": [],
            "instance_type": "t3.small",
            "key_pair_name": "coder",
            "require_on_demand": false,
            "result": [
              {
                "id": "i-0efab6b1a116c525e",
                "instance": [],
                "volumes": []
              }
            ],
            "root_volume_size": 20,
            "root_volume_type": "gp3",
            "security_group_ids": [
              "sg-08695b63da890ed3a"
            ],
            "store": "{\"id\":\"i-0efab6b1a116c525e\"}",
            "subnet_id": "subnet-083224448dace4c25",
            "tags": null,
            "user_data": "",
            "volumes": []
          },
          "sensitive_attributes": [],
          "identity_schema_version": 0,
          "private": "bnVsbA==",
          "dependencies": [
            "coder_volume.dev"
          ]
        }
      ]
    },
    {
      "mode": "managed",
      "type": "coder_volume",
      "name": "dev",
      "provider": "provider[\"registry.terraform.io/unlimitechcloud/coder\"].ec2",
      "instances": [
        {
          "schema_version": 0,
          "attributes": {
            "coder": [
              {
                "workspace": [
                  {
                    "access_port": 8080,
                    "access_url": "https://dev.coder.example.com/myws1",
                    "id": "myws2",
                    "is_prebuild": false,
                    "is_prebuild_claim": false,
                    "name": "myws2",
                    "owner": [
                      {
                        "email": "alice@example.com",
                        "full_name": "Alice Example",
                        "groups": [
                          "developers"
                        ],
                        "id": "user-1234",
                        "login_type": "password",
                        "name": "alice",
                        "oidc_access_token": "",
                        "rbac_roles": [
                          {
                            "name": "developer",
                            "org_id": "org-001"
                          }
                        ],
                        "session_token": "SESSION_TOKEN_SAMPLE",
                        "ssh_private_key": "PRIVATE_KEY_SAMPLE",
                        "ssh_public_key": "ssh-rsa AAAAB3NzaC1yc2EAAAADAQABAAABAQC7..."
                      }
                    ],
                    "prebuild_count": 0,
                    "start_count": 1,
                    "template_id": "template-5678",
                    "template_name": "ubuntu-dev",
                    "template_version": "1.0.0",
                    "transition": "start"
                  }
                ]
              }
            ],
            "id": "vol-0931477c3f04a1146",
            "name": "home",
            "result": [
              {
                "id": "vol-0931477c3f04a1146"
              }
            ],
            "size": 50,
            "store": "{}",
            "subnet_id": "subnet-083224448dace4c25",
            "type": "gp3"
          },
          "sensitive_attributes": [],
          "identity_schema_version": 0,
          "private": "bnVsbA=="
        }
      ]
    }
  ],
  "check_results": null
}
